
Microsoft Visual Studio Solution File, Format Version 12.00
# Visual Studio 15
VisualStudioVersion = 15.0.27703.2042
MinimumVisualStudioVersion = 10.0.40219.1
Project("{FAE04EC0-301F-11D3-BF4B-00C04F79EFBC}") = "台账管理", "台账管理\台账管理.csproj", "{A8F6C9BE-D8F0-4A2B-9382-2EDA8E6A5648}"
EndProject
Global
	GlobalSection(SolutionConfigurationPlatforms) = preSolution
		Debug|Any CPU = Debug|Any CPU
		Release|Any CPU = Release|Any CPU
	EndGlobalSection
	GlobalSection(ProjectConfigurationPlatforms) = postSolution
		{A8F6C9BE-D8F0-4A2B-9382-2EDA8E6A5648}.Debug|Any CPU.ActiveCfg = Debug|Any CPU
		{A8F6C9BE-D8F0-4A2B-9382-2EDA8E6A5648}.Debug|Any CPU.Build.0 = Debug|Any CPU
		{A8F6C9BE-D8F0-4A2B-9382-2EDA8E6A5648}.Release|Any CPU.ActiveCfg = Release|Any CPU
		{A8F6C9BE-D8F0-4A2B-9382-2EDA8E6A5648}.Release|Any CPU.Build.0 = Release|Any CPU
	EndGlobalSection
	GlobalSection(SolutionProperties) = preSolution
		HideSolutionNode = FALSE
	EndGlobalSection
	GlobalSection(ExtensibilityGlobals) = postSolution
		SolutionGuid = {5B44F8C6-5EC8-4145-AB02-7175B3EB8763}
	EndGlobalSection
EndGlobal
